Microsoft Visual Studio Solution File, Format Version 12.00
# Visual Studio 2012
Project("{FAE04EC0-301F-11D3-BF4B-00C04F79EFBC}") = "plutono", "plutono.csproj", "{FBC7D301-63D2-458C-9843-730AEC6F78CF}"
EndProject
Global
	GlobalSection(SolutionConfigurationPlatforms) = preSolution
	Debug|Any CPU = Debug|Any CPU
	ExportDebug|Any CPU = ExportDebug|Any CPU
	ExportRelease|Any CPU = ExportRelease|Any CPU
	EndGlobalSection
	GlobalSection(ProjectConfigurationPlatforms) = postSolution
		{FBC7D301-63D2-458C-9843-730AEC6F78CF}.Debug|Any CPU.ActiveCfg = Debug|Any CPU
		{FBC7D301-63D2-458C-9843-730AEC6F78CF}.Debug|Any CPU.Build.0 = Debug|Any CPU
		{FBC7D301-63D2-458C-9843-730AEC6F78CF}.ExportDebug|Any CPU.ActiveCfg = ExportDebug|Any CPU
		{FBC7D301-63D2-458C-9843-730AEC6F78CF}.ExportDebug|Any CPU.Build.0 = ExportDebug|Any CPU
		{FBC7D301-63D2-458C-9843-730AEC6F78CF}.ExportRelease|Any CPU.ActiveCfg = ExportRelease|Any CPU
		{FBC7D301-63D2-458C-9843-730AEC6F78CF}.ExportRelease|Any CPU.Build.0 = ExportRelease|Any CPU
	EndGlobalSection
EndGlobal
